
Microsoft Visual Studio Solution File, Format Version 12.00
# Visual Studio Version 17
VisualStudioVersion = 17.7.34031.279
MinimumVisualStudioVersion = 10.0.40219.1
Project("{FAE04EC0-301F-11D3-BF4B-00C04F79EFBC}") = "Lab2ver1", "Lab2ver1\Lab2ver1.csproj", "{A8B13D86-A582-4594-8D9C-8846DAD04529}"
EndProject
Global
	GlobalSection(SolutionConfigurationPlatforms) = preSolution
		Debug|Any CPU = Debug|Any CPU
		Release|Any CPU = Release|Any CPU
	EndGlobalSection
	GlobalSection(ProjectConfigurationPlatforms) = postSolution
		{A8B13D86-A582-4594-8D9C-8846DAD04529}.Debug|Any CPU.ActiveCfg = Debug|Any CPU
		{A8B13D86-A582-4594-8D9C-8846DAD04529}.Debug|Any CPU.Build.0 = Debug|Any CPU
		{A8B13D86-A582-4594-8D9C-8846DAD04529}.Release|Any CPU.ActiveCfg = Release|Any CPU
		{A8B13D86-A582-4594-8D9C-8846DAD04529}.Release|Any CPU.Build.0 = Release|Any CPU
	EndGlobalSection
	GlobalSection(SolutionProperties) = preSolution
		HideSolutionNode = FALSE
	EndGlobalSection
	GlobalSection(ExtensibilityGlobals) = postSolution
		SolutionGuid = {72DD5A2E-B173-4017-9B59-B6ABB82B7A47}
	EndGlobalSection
EndGlobal
